// !$*UTF8*$!
{
	archiveVersion = 1;
	classes = {
	};
	objectVersion = 56;
	objects = {

/* Begin PBXBuildFile section */
		0A24971C2BA8D94E0099FFC5 /* MainView.swift in Sources */ = {isa = PBXBuildFile; fileRef = 0A24971B2BA8D94E0099FFC5 /* MainView.swift */; };
		0A2E32D02BBEFA2F0024FF2B /* Extentions.swift in Sources */ = {isa = PBXBuildFile; fileRef = 0A2E32CF2BBEFA2F0024FF2B /* Extentions.swift */; };
		0A3DDADC2BC6D4E3001578DA /* AudioManager.swift in Sources */ = {isa = PBXBuildFile; fileRef = 0A3DDADB2BC6D4E3001578DA /* AudioManager.swift */; };
		0A52F29D2BA86F2800BDDE28 /* Category.swift in Sources */ = {isa = PBXBuildFile; fileRef = 0A52F29C2BA86F2800BDDE28 /* Category.swift */; };
		0A52F2A12BA8739B00BDDE28 /* CategoryRowView.swift in Sources */ = {isa = PBXBuildFile; fileRef = 0A52F2A02BA8739B00BDDE28 /* CategoryRowView.swift */; };
		0A52F2A32BA879DE00BDDE28 /* SairaCondensed-Bold.ttf in Resources */ = {isa = PBXBuildFile; fileRef = 0A52F2A22BA879DD00BDDE28 /* SairaCondensed-Bold.ttf */; };
		0A52F2A62BA87FD600BDDE28 /* CategoriesView.swift in Sources */ = {isa = PBXBuildFile; fileRef = 0A52F2A52BA87FD600BDDE28 /* CategoriesView.swift */; };
		0A52F2A82BA8800800BDDE28 /* SponsorsView.swift in Sources */ = {isa = PBXBuildFile; fileRef = 0A52F2A72BA8800800BDDE28 /* SponsorsView.swift */; };
		0A52F2AB2BA8899D00BDDE28 /* Sponsor.swift in Sources */ = {isa = PBXBuildFile; fileRef = 0A52F2AA2BA8899D00BDDE28 /* Sponsor.swift */; };
		0A586D3E2BCEA826005D8848 /* MoreInfoView.swift in Sources */ = {isa = PBXBuildFile; fileRef = 0A586D3D2BCEA826005D8848 /* MoreInfoView.swift */; };
		0A5A185F2BCEA28F0037E25A /* PlaceInfoView.swift in Sources */ = {isa = PBXBuildFile; fileRef = 0A5A185E2BCEA28F0037E25A /* PlaceInfoView.swift */; };
		0A7D86792BB2DF8800E5CFDB /* the_finals_music.mp3 in Resources */ = {isa = PBXBuildFile; fileRef = 0A7D86782BB2DF8800E5CFDB /* the_finals_music.mp3 */; };
		0A8984472BA9B7E6003F6AF7 /* CharactersView.swift in Sources */ = {isa = PBXBuildFile; fileRef = 0A8984462BA9B7E6003F6AF7 /* CharactersView.swift */; };
		0A8984492BA9B837003F6AF7 /* Character.swift in Sources */ = {isa = PBXBuildFile; fileRef = 0A8984482BA9B837003F6AF7 /* Character.swift */; };
		0A9A1E7E2BA7667700831B64 /* THE_FINALS_LOREApp.swift in Sources */ = {isa = PBXBuildFile; fileRef = 0A9A1E7D2BA7667700831B64 /* THE_FINALS_LOREApp.swift */; };
		0A9A1E802BA7667700831B64 /* ContentView.swift in Sources */ = {isa = PBXBuildFile; fileRef = 0A9A1E7F2BA7667700831B64 /* ContentView.swift */; };
		0A9A1E822BA7667900831B64 /* Assets.xcassets in Resources */ = {isa = PBXBuildFile; fileRef = 0A9A1E812BA7667900831B64 /* Assets.xcassets */; };
		0A9A1E852BA7667900831B64 /* Preview Assets.xcassets in Resources */ = {isa = PBXBuildFile; fileRef = 0A9A1E842BA7667900831B64 /* Preview Assets.xcassets */; };
		0AC131012BAC688A002CD7A0 /* CharactersRowView.swift in Sources */ = {isa = PBXBuildFile; fileRef = 0AC131002BAC688A002CD7A0 /* CharactersRowView.swift */; };
		0AC2C4DA2BB1A237009E1B57 /* SettingsView.swift in Sources */ = {isa = PBXBuildFile; fileRef = 0AC2C4D92BB1A237009E1B57 /* SettingsView.swift */; };
		0AEF3BDD2BC87B1E00E5C1D9 /* PlacesView.swift in Sources */ = {isa = PBXBuildFile; fileRef = 0AEF3BDC2BC87B1E00E5C1D9 /* PlacesView.swift */; };
		0AEF3BDF2BC87E3F00E5C1D9 /* Place.swift in Sources */ = {isa = PBXBuildFile; fileRef = 0AEF3BDE2BC87E3F00E5C1D9 /* Place.swift */; };
/* End PBXBuildFile section */

/* Begin PBXFileReference section */
		0A24971B2BA8D94E0099FFC5 /* MainView.swift */ = {isa = PBXFileReference; lastKnownFileType = sourcecode.swift; path = MainView.swift; sourceTree = "<group>"; };
		0A2E32CF2BBEFA2F0024FF2B /* Extentions.swift */ = {isa = PBXFileReference; lastKnownFileType = sourcecode.swift; path = Extentions.swift; sourceTree = "<group>"; };
		0A3DDADB2BC6D4E3001578DA /* AudioManager.swift */ = {isa = PBXFileReference; lastKnownFileType = sourcecode.swift; path = AudioManager.swift; sourceTree = "<group>"; };
		0A52F29C2BA86F2800BDDE28 /* Category.swift */ = {isa = PBXFileReference; lastKnownFileType = sourcecode.swift; path = Category.swift; sourceTree = "<group>"; };
		0A52F2A02BA8739B00BDDE28 /* CategoryRowView.swift */ = {isa = PBXFileReference; lastKnownFileType = sourcecode.swift; path = CategoryRowView.swift; sourceTree = "<group>"; };
		0A52F2A22BA879DD00BDDE28 /* SairaCondensed-Bold.ttf */ = {isa = PBXFileReference; lastKnownFileType = file; path = "SairaCondensed-Bold.ttf"; sourceTree = "<group>"; };
		0A52F2A42BA879EC00BDDE28 /* THE-FINALS-LORE-Info.plist */ = {isa = PBXFileReference; lastKnownFileType = text.plist; path = "THE-FINALS-LORE-Info.plist"; sourceTree = SOURCE_ROOT; };
		0A52F2A52BA87FD600BDDE28 /* CategoriesView.swift */ = {isa = PBXFileReference; lastKnownFileType = sourcecode.swift; path = CategoriesView.swift; sourceTree = "<group>"; };
		0A52F2A72BA8800800BDDE28 /* SponsorsView.swift */ = {isa = PBXFileReference; lastKnownFileType = sourcecode.swift; path = SponsorsView.swift; sourceTree = "<group>"; };
		0A52F2AA2BA8899D00BDDE28 /* Sponsor.swift */ = {isa = PBXFileReference; lastKnownFileType = sourcecode.swift; path = Sponsor.swift; sourceTree = "<group>"; };
		0A586D3D2BCEA826005D8848 /* MoreInfoView.swift */ = {isa = PBXFileReference; lastKnownFileType = sourcecode.swift; path = MoreInfoView.swift; sourceTree = "<group>"; };
		0A5A185E2BCEA28F0037E25A /* PlaceInfoView.swift */ = {isa = PBXFileReference; lastKnownFileType = sourcecode.swift; path = PlaceInfoView.swift; sourceTree = "<group>"; };
		0A7D86782BB2DF8800E5CFDB /* the_finals_music.mp3 */ = {isa = PBXFileReference; lastKnownFileType = audio.mp3; path = the_finals_music.mp3; sourceTree = "<group>"; };
		0A8984462BA9B7E6003F6AF7 /* CharactersView.swift */ = {isa = PBXFileReference; lastKnownFileType = sourcecode.swift; path = CharactersView.swift; sourceTree = "<group>"; };
		0A8984482BA9B837003F6AF7 /* Character.swift */ = {isa = PBXFileReference; lastKnownFileType = sourcecode.swift; path = Character.swift; sourceTree = "<group>"; };
		0A9A1E7A2BA7667700831B64 /* THE FINALS LORE.app */ = {isa = PBXFileReference; explicitFileType = wrapper.application; includeInIndex = 0; path = "THE FINALS LORE.app"; sourceTree = BUILT_PRODUCTS_DIR; };
		0A9A1E7D2BA7667700831B64 /* THE_FINALS_LOREApp.swift */ = {isa = PBXFileReference; lastKnownFileType = sourcecode.swift; path = THE_FINALS_LOREApp.swift; sourceTree = "<group>"; };
		0A9A1E7F2BA7667700831B64 /* ContentView.swift */ = {isa = PBXFileReference; lastKnownFileType = sourcecode.swift; path = ContentView.swift; sourceTree = "<group>"; };
		0A9A1E812BA7667900831B64 /* Assets.xcassets */ = {isa = PBXFileReference; lastKnownFileType = folder.assetcatalog; path = Assets.xcassets; sourceTree = "<group>"; };
		0A9A1E842BA7667900831B64 /* Preview Assets.xcassets */ = {isa = PBXFileReference; lastKnownFileType = folder.assetcatalog; path = "Preview Assets.xcassets"; sourceTree = "<group>"; };
		0AC131002BAC688A002CD7A0 /* CharactersRowView.swift */ = {isa = PBXFileReference; lastKnownFileType = sourcecode.swift; path = CharactersRowView.swift; sourceTree = "<group>"; };
		0AC2C4D92BB1A237009E1B57 /* SettingsView.swift */ = {isa = PBXFileReference; lastKnownFileType = sourcecode.swift; path = SettingsView.swift; sourceTree = "<group>"; };
		0AEF3BDC2BC87B1E00E5C1D9 /* PlacesView.swift */ = {isa = PBXFileReference; lastKnownFileType = sourcecode.swift; path = PlacesView.swift; sourceTree = "<group>"; };
		0AEF3BDE2BC87E3F00E5C1D9 /* Place.swift */ = {isa = PBXFileReference; lastKnownFileType = sourcecode.swift; path = Place.swift; sourceTree = "<group>"; };
/* End PBXFileReference section */

/* Begin PBXFrameworksBuildPhase section */
		0A9A1E772BA7667700831B64 /* Frameworks */ = {
			isa = PBXFrameworksBuildPhase;
			buildActionMask = 2147483647;
			files = (
			);
			runOnlyForDeploymentPostprocessing = 0;
		};
/* End PBXFrameworksBuildPhase section */

/* Begin PBXGroup section */
		0A0DB5632BAB14120064C145 /* Models */ = {
			isa = PBXGroup;
			children = (
				0A52F29C2BA86F2800BDDE28 /* Category.swift */,
				0A52F2AA2BA8899D00BDDE28 /* Sponsor.swift */,
				0A8984482BA9B837003F6AF7 /* Character.swift */,
				0AEF3BDE2BC87E3F00E5C1D9 /* Place.swift */,
			);
			path = Models;
			sourceTree = "<group>";
		};
		0A52F2A92BA8894600BDDE28 /* Categories */ = {
			isa = PBXGroup;
			children = (
				0AC131022BAC6DCC002CD7A0 /* CategoriesViews */,
				0AC131032BAC6DF6002CD7A0 /* CharactersViews */,
				0A52F2A72BA8800800BDDE28 /* SponsorsView.swift */,
			);
			path = Categories;
			sourceTree = "<group>";
		};
		0A9A1E712BA7667700831B64 = {
			isa = PBXGroup;
			children = (
				0A9A1E7C2BA7667700831B64 /* THE FINALS LORE */,
				0A9A1E7B2BA7667700831B64 /* Products */,
			);
			sourceTree = "<group>";
		};
		0A9A1E7B2BA7667700831B64 /* Products */ = {
			isa = PBXGroup;
			children = (
				0A9A1E7A2BA7667700831B64 /* THE FINALS LORE.app */,
			);
			name = Products;
			sourceTree = "<group>";
		};
		0A9A1E7C2BA7667700831B64 /* THE FINALS LORE */ = {
			isa = PBXGroup;
			children = (
				0A9A1E7D2BA7667700831B64 /* THE_FINALS_LOREApp.swift */,
				0A9A1E7F2BA7667700831B64 /* ContentView.swift */,
				0A24971B2BA8D94E0099FFC5 /* MainView.swift */,
				0AC2C4D92BB1A237009E1B57 /* SettingsView.swift */,
				0AE097CC2BCFEA7800F3D3BB /* Places */,
				0A52F2A92BA8894600BDDE28 /* Categories */,
				0A0DB5632BAB14120064C145 /* Models */,
				0A2E32CF2BBEFA2F0024FF2B /* Extentions.swift */,
				0A3DDADB2BC6D4E3001578DA /* AudioManager.swift */,
				0A9A1E812BA7667900831B64 /* Assets.xcassets */,
				0A52F2A42BA879EC00BDDE28 /* THE-FINALS-LORE-Info.plist */,
				0A52F2A22BA879DD00BDDE28 /* SairaCondensed-Bold.ttf */,
				0A7D86782BB2DF8800E5CFDB /* the_finals_music.mp3 */,
				0A9A1E832BA7667900831B64 /* Preview Content */,
			);
			path = "THE FINALS LORE";
			sourceTree = "<group>";
		};
		0A9A1E832BA7667900831B64 /* Preview Content */ = {
			isa = PBXGroup;
			children = (
				0A9A1E842BA7667900831B64 /* Preview Assets.xcassets */,
			);
			path = "Preview Content";
			sourceTree = "<group>";
		};
		0AC131022BAC6DCC002CD7A0 /* CategoriesViews */ = {
			isa = PBXGroup;
			children = (
				0A52F2A02BA8739B00BDDE28 /* CategoryRowView.swift */,
				0A52F2A52BA87FD600BDDE28 /* CategoriesView.swift */,
			);
			path = CategoriesViews;
			sourceTree = "<group>";
		};
		0AC131032BAC6DF6002CD7A0 /* CharactersViews */ = {
			isa = PBXGroup;
			children = (
				0AC131002BAC688A002CD7A0 /* CharactersRowView.swift */,
				0A8984462BA9B7E6003F6AF7 /* CharactersView.swift */,
			);
			path = CharactersViews;
			sourceTree = "<group>";
		};
		0AE097CC2BCFEA7800F3D3BB /* Places */ = {
			isa = PBXGroup;
			children = (
				0AEF3BDC2BC87B1E00E5C1D9 /* PlacesView.swift */,
				0A5A185E2BCEA28F0037E25A /* PlaceInfoView.swift */,
				0A586D3D2BCEA826005D8848 /* MoreInfoView.swift */,
			);
			path = Places;
			sourceTree = "<group>";
		};
/* End PBXGroup section */

/* Begin PBXNativeTarget section */
		0A9A1E792BA7667700831B64 /* THE FINALS LORE */ = {
			isa = PBXNativeTarget;
			buildConfigurationList = 0A9A1E882BA7667900831B64 /* Build configuration list for PBXNativeTarget "THE FINALS LORE" */;
			buildPhases = (
				0A9A1E762BA7667700831B64 /* Sources */,
				0A9A1E772BA7667700831B64 /* Frameworks */,
				0A9A1E782BA7667700831B64 /* Resources */,
			);
			buildRules = (
			);
			dependencies = (
			);
			name = "THE FINALS LORE";
			productName = "THE FINALS LORE";
			productReference = 0A9A1E7A2BA7667700831B64 /* THE FINALS LORE.app */;
			productType = "com.apple.product-type.application";
		};
/* End PBXNativeTarget section */

/* Begin PBXProject section */
		0A9A1E722BA7667700831B64 /* Project object */ = {
			isa = PBXProject;
			attributes = {
				BuildIndependentTargetsInParallel = 1;
				LastSwiftUpdateCheck = 1530;
				LastUpgradeCheck = 1530;
				TargetAttributes = {
					0A9A1E792BA7667700831B64 = {
						CreatedOnToolsVersion = 15.3;
					};
				};
			};
			buildConfigurationList = 0A9A1E752BA7667700831B64 /* Build configuration list for PBXProject "THE FINALS LORE" */;
			compatibilityVersion = "Xcode 14.0";
			developmentRegion = en;
			hasScannedForEncodings = 0;
			knownRegions = (
				en,
				Base,
			);
			mainGroup = 0A9A1E712BA7667700831B64;
			productRefGroup = 0A9A1E7B2BA7667700831B64 /* Products */;
			projectDirPath = "";
			projectRoot = "";
			targets = (
				0A9A1E792BA7667700831B64 /* THE FINALS LORE */,
			);
		};
/* End PBXProject section */

/* Begin PBXResourcesBuildPhase section */
		0A9A1E782BA7667700831B64 /* Resources */ = {
			isa = PBXResourcesBuildPhase;
			buildActionMask = 2147483647;
			files = (
				0A9A1E852BA7667900831B64 /* Preview Assets.xcassets in Resources */,
				0A9A1E822BA7667900831B64 /* Assets.xcassets in Resources */,
				0A7D86792BB2DF8800E5CFDB /* the_finals_music.mp3 in Resources */,
				0A52F2A32BA879DE00BDDE28 /* SairaCondensed-Bold.ttf in Resources */,
			);
			runOnlyForDeploymentPostprocessing = 0;
		};
/* End PBXResourcesBuildPhase section */

/* Begin PBXSourcesBuildPhase section */
		0A9A1E762BA7667700831B64 /* Sources */ = {
			isa = PBXSourcesBuildPhase;
			buildActionMask = 2147483647;
			files = (
				0A52F29D2BA86F2800BDDE28 /* Category.swift in Sources */,
				0A24971C2BA8D94E0099FFC5 /* MainView.swift in Sources */,
				0A9A1E802BA7667700831B64 /* ContentView.swift in Sources */,
				0A52F2A12BA8739B00BDDE28 /* CategoryRowView.swift in Sources */,
				0A52F2A62BA87FD600BDDE28 /* CategoriesView.swift in Sources */,
				0A8984472BA9B7E6003F6AF7 /* CharactersView.swift in Sources */,
				0AEF3BDD2BC87B1E00E5C1D9 /* PlacesView.swift in Sources */,
				0A52F2A82BA8800800BDDE28 /* SponsorsView.swift in Sources */,
				0A52F2AB2BA8899D00BDDE28 /* Sponsor.swift in Sources */,
				0A3DDADC2BC6D4E3001578DA /* AudioManager.swift in Sources */,
				0A5A185F2BCEA28F0037E25A /* PlaceInfoView.swift in Sources */,
				0A2E32D02BBEFA2F0024FF2B /* Extentions.swift in Sources */,
				0AEF3BDF2BC87E3F00E5C1D9 /* Place.swift in Sources */,
				0A586D3E2BCEA826005D8848 /* MoreInfoView.swift in Sources */,
				0AC131012BAC688A002CD7A0 /* CharactersRowView.swift in Sources */,
				0AC2C4DA2BB1A237009E1B57 /* SettingsView.swift in Sources */,
				0A9A1E7E2BA7667700831B64 /* THE_FINALS_LOREApp.swift in Sources */,
				0A8984492BA9B837003F6AF7 /* Character.swift in Sources */,
			);
			runOnlyForDeploymentPostprocessing = 0;
		};
/* End PBXSourcesBuildPhase section */

/* Begin XCBuildConfiguration section */
		0A9A1E862BA7667900831B64 /* Debug */ = {
			isa = XCBuildConfiguration;
			buildSettings = {
				ALWAYS_SEARCH_USER_PATHS = NO;
				ASSETCATALOG_COMPILER_GENERATE_SWIFT_ASSET_SYMBOL_EXTENSIONS = YES;
				CLANG_ANALYZER_NONNULL = YES;
				CLANG_ANALYZER_NUMBER_OBJECT_CONVERSION = YES_AGGRESSIVE;
				CLANG_CXX_LANGUAGE_STANDARD = "gnu++20";
				CLANG_ENABLE_MODULES = YES;
				CLANG_ENABLE_OBJC_ARC = YES;
				CLANG_ENABLE_OBJC_WEAK = YES;
				CLANG_WARN_BLOCK_CAPTURE_AUTORELEASING = YES;
				CLANG_WARN_BOOL_CONVERSION = YES;
				CLANG_WARN_COMMA = YES;
				CLANG_WARN_CONSTANT_CONVERSION = YES;
				CLANG_WARN_DEPRECATED_OBJC_IMPLEMENTATIONS = YES;
				CLANG_WARN_DIRECT_OBJC_ISA_USAGE = YES_ERROR;
				CLANG_WARN_DOCUMENTATION_COMMENTS = YES;
				CLANG_WARN_EMPTY_BODY = YES;
				CLANG_WARN_ENUM_CONVERSION = YES;
				CLANG_WARN_INFINITE_RECURSION = YES;
				CLANG_WARN_INT_CONVERSION = YES;
				CLANG_WARN_NON_LITERAL_NULL_CONVERSION = YES;
				CLANG_WARN_OBJC_IMPLICIT_RETAIN_SELF = YES;
				CLANG_WARN_OBJC_LITERAL_CONVERSION = YES;
				CLANG_WARN_OBJC_ROOT_CLASS = YES_ERROR;
				CLANG_WARN_QUOTED_INCLUDE_IN_FRAMEWORK_HEADER = YES;
				CLANG_WARN_RANGE_LOOP_ANALYSIS = YES;
				CLANG_WARN_STRICT_PROTOTYPES = YES;
				CLANG_WARN_SUSPICIOUS_MOVE = YES;
				CLANG_WARN_UNGUARDED_AVAILABILITY = YES_AGGRESSIVE;
				CLANG_WARN_UNREACHABLE_CODE = YES;
				CLANG_WARN__DUPLICATE_METHOD_MATCH = YES;
				COPY_PHASE_STRIP = NO;
				DEBUG_INFORMATION_FORMAT = dwarf;
				ENABLE_STRICT_OBJC_MSGSEND = YES;
				ENABLE_TESTABILITY = YES;
				ENABLE_USER_SCRIPT_SANDBOXING = YES;
				GCC_C_LANGUAGE_STANDARD = gnu17;
				GCC_DYNAMIC_NO_PIC = NO;
				GCC_NO_COMMON_BLOCKS = YES;
				GCC_OPTIMIZATION_LEVEL = 0;
				GCC_PREPROCESSOR_DEFINITIONS = (
					"DEBUG=1",
					"$(inherited)",
				);
				GCC_WARN_64_TO_32_BIT_CONVERSION = YES;
				GCC_WARN_ABOUT_RETURN_TYPE = YES_ERROR;
				GCC_WARN_UNDECLARED_SELECTOR = YES;
				GCC_WARN_UNINITIALIZED_AUTOS = YES_AGGRESSIVE;
				GCC_WARN_UNUSED_FUNCTION = YES;
				GCC_WARN_UNUSED_VARIABLE = YES;
				IPHONEOS_DEPLOYMENT_TARGET = 17.4;
				LOCALIZATION_PREFERS_STRING_CATALOGS = YES;
				MTL_ENABLE_DEBUG_INFO = INCLUDE_SOURCE;
				MTL_FAST_MATH = YES;
				ONLY_ACTIVE_ARCH = YES;
				SDKROOT = iphoneos;
				SWIFT_ACTIVE_COMPILATION_CONDITIONS = "DEBUG $(inherited)";
				SWIFT_OPTIMIZATION_LEVEL = "-Onone";
			};
			name = Debug;
		};
		0A9A1E872BA7667900831B64 /* Release */ = {
			isa = XCBuildConfiguration;
			buildSettings = {
				ALWAYS_SEARCH_USER_PATHS = NO;
				ASSETCATALOG_COMPILER_GENERATE_SWIFT_ASSET_SYMBOL_EXTENSIONS = YES;
				CLANG_ANALYZER_NONNULL = YES;
				CLANG_ANALYZER_NUMBER_OBJECT_CONVERSION = YES_AGGRESSIVE;
				CLANG_CXX_LANGUAGE_STANDARD = "gnu++20";
				CLANG_ENABLE_MODULES = YES;
				CLANG_ENABLE_OBJC_ARC = YES;
				CLANG_ENABLE_OBJC_WEAK = YES;
				CLANG_WARN_BLOCK_CAPTURE_AUTORELEASING = YES;
				CLANG_WARN_BOOL_CONVERSION = YES;
				CLANG_WARN_COMMA = YES;
				CLANG_WARN_CONSTANT_CONVERSION = YES;
				CLANG_WARN_DEPRECATED_OBJC_IMPLEMENTATIONS = YES;
				CLANG_WARN_DIRECT_OBJC_ISA_USAGE = YES_ERROR;
				CLANG_WARN_DOCUMENTATION_COMMENTS = YES;
				CLANG_WARN_EMPTY_BODY = YES;
				CLANG_WARN_ENUM_CONVERSION = YES;
				CLANG_WARN_INFINITE_RECURSION = YES;
				CLANG_WARN_INT_CONVERSION = YES;
				CLANG_WARN_NON_LITERAL_NULL_CONVERSION = YES;
				CLANG_WARN_OBJC_IMPLICIT_RETAIN_SELF = YES;
				CLANG_WARN_OBJC_LITERAL_CONVERSION = YES;
				CLANG_WARN_OBJC_ROOT_CLASS = YES_ERROR;
				CLANG_WARN_QUOTED_INCLUDE_IN_FRAMEWORK_HEADER = YES;
				CLANG_WARN_RANGE_LOOP_ANALYSIS = YES;
				CLANG_WARN_STRICT_PROTOTYPES = YES;
				CLANG_WARN_SUSPICIOUS_MOVE = YES;
				CLANG_WARN_UNGUARDED_AVAILABILITY = YES_AGGRESSIVE;
				CLANG_WARN_UNREACHABLE_CODE = YES;
				CLANG_WARN__DUPLICATE_METHOD_MATCH = YES;
				COPY_PHASE_STRIP = NO;
				DEBUG_INFORMATION_FORMAT = "dwarf-with-dsym";
				ENABLE_NS_ASSERTIONS = NO;
				ENABLE_STRICT_OBJC_MSGSEND = YES;
				ENABLE_USER_SCRIPT_SANDBOXING = YES;
				GCC_C_LANGUAGE_STANDARD = gnu17;
				GCC_NO_COMMON_BLOCKS = YES;
				GCC_WARN_64_TO_32_BIT_CONVERSION = YES;
				GCC_WARN_ABOUT_RETURN_TYPE = YES_ERROR;
				GCC_WARN_UNDECLARED_SELECTOR = YES;
				GCC_WARN_UNINITIALIZED_AUTOS = YES_AGGRESSIVE;
				GCC_WARN_UNUSED_FUNCTION = YES;
				GCC_WARN_UNUSED_VARIABLE = YES;
				IPHONEOS_DEPLOYMENT_TARGET = 17.4;
				LOCALIZATION_PREFERS_STRING_CATALOGS = YES;
				MTL_ENABLE_DEBUG_INFO = NO;
				MTL_FAST_MATH = YES;
				SDKROOT = iphoneos;
				SWIFT_COMPILATION_MODE = wholemodule;
				VALIDATE_PRODUCT = YES;
			};
			name = Release;
		};
		0A9A1E892BA7667900831B64 /* Debug */ = {
			isa = XCBuildConfiguration;
			buildSettings = {
				ASSETCATALOG_COMPILER_APPICON_NAME = AppIcon;
				ASSETCATALOG_COMPILER_GLOBAL_ACCENT_COLOR_NAME = AccentColor;
				CODE_SIGN_STYLE = Automatic;
				CURRENT_PROJECT_VERSION = 1;
				DEVELOPMENT_ASSET_PATHS = "\"THE FINALS LORE/Preview Content\"";
				DEVELOPMENT_TEAM = QWQ84V5ZHW;
				ENABLE_PREVIEWS = YES;
				GENERATE_INFOPLIST_FILE = YES;
				INFOPLIST_FILE = "THE-FINALS-LORE-Info.plist";
				INFOPLIST_KEY_NSLocationWhenInUseUsageDescription = "Allow access to geolocation to see the real locations where THE FINALS arenas were created";
				INFOPLIST_KEY_UIApplicationSceneManifest_Generation = YES;
				INFOPLIST_KEY_UIApplicationSupportsIndirectInputEvents = YES;
				INFOPLIST_KEY_UILaunchScreen_Generation = YES;
				INFOPLIST_KEY_UISupportedInterfaceOrientations = UIInterfaceOrientationPortrait;
				IPHONEOS_DEPLOYMENT_TARGET = 17.2;
				LD_RUNPATH_SEARCH_PATHS = (
					"$(inherited)",
					"@executable_path/Frameworks",
				);
				MARKETING_VERSION = 1.0;
				PRODUCT_BUNDLE_IDENTIFIER = "sngrv.THE-FINALS-LORE";
				PRODUCT_NAME = "$(TARGET_NAME)";
				SWIFT_EMIT_LOC_STRINGS = YES;
				SWIFT_VERSION = 5.0;
				TARGETED_DEVICE_FAMILY = "1,2";
			};
			name = Debug;
		};
		0A9A1E8A2BA7667900831B64 /* Release */ = {
			isa = XCBuildConfiguration;
			buildSettings = {
				ASSETCATALOG_COMPILER_APPICON_NAME = AppIcon;
				ASSETCATALOG_COMPILER_GLOBAL_ACCENT_COLOR_NAME = AccentColor;
				CODE_SIGN_STYLE = Automatic;
				CURRENT_PROJECT_VERSION = 1;
				DEVELOPMENT_ASSET_PATHS = "\"THE FINALS LORE/Preview Content\"";
				DEVELOPMENT_TEAM = QWQ84V5ZHW;
				ENABLE_PREVIEWS = YES;
				GENERATE_INFOPLIST_FILE = YES;
				INFOPLIST_FILE = "THE-FINALS-LORE-Info.plist";
				INFOPLIST_KEY_NSLocationWhenInUseUsageDescription = "Allow access to geolocation to see the real locations where THE FINALS arenas were created";
				INFOPLIST_KEY_UIApplicationSceneManifest_Generation = YES;
				INFOPLIST_KEY_UIApplicationSupportsIndirectInputEvents = YES;
				INFOPLIST_KEY_UILaunchScreen_Generation = YES;
				INFOPLIST_KEY_UISupportedInterfaceOrientations = UIInterfaceOrientationPortrait;
				IPHONEOS_DEPLOYMENT_TARGET = 17.2;
				LD_RUNPATH_SEARCH_PATHS = (
					"$(inherited)",
					"@executable_path/Frameworks",
				);
				MARKETING_VERSION = 1.0;
				PRODUCT_BUNDLE_IDENTIFIER = "sngrv.THE-FINALS-LORE";
				PRODUCT_NAME = "$(TARGET_NAME)";
				SWIFT_EMIT_LOC_STRINGS = YES;
				SWIFT_VERSION = 5.0;
				TARGETED_DEVICE_FAMILY = "1,2";
			};
			name = Release;
		};
/* End XCBuildConfiguration section */

/* Begin XCConfigurationList section */
		0A9A1E752BA7667700831B64 /* Build configuration list for PBXProject "THE FINALS LORE" */ = {
			isa = XCConfigurationList;
			buildConfigurations = (
				0A9A1E862BA7667900831B64 /* Debug */,
				0A9A1E872BA7667900831B64 /* Release */,
			);
			defaultConfigurationIsVisible = 0;
			defaultConfigurationName = Release;
		};
		0A9A1E882BA7667900831B64 /* Build configuration list for PBXNativeTarget "THE FINALS LORE" */ = {
			isa = XCConfigurationList;
			buildConfigurations = (
				0A9A1E892BA7667900831B64 /* Debug */,
				0A9A1E8A2BA7667900831B64 /* Release */,
			);
			defaultConfigurationIsVisible = 0;
			defaultConfigurationName = Release;
		};
/* End XCConfigurationList section */
	};
	rootObject = 0A9A1E722BA7667700831B64 /* Project object */;
}
